<?xml version="1.0" encoding="utf-8"?>
<Project ToolsVersion="4.0" xmlns="http://schemas.microsoft.com/developer/msbuild/2003">
  <ItemGroup>
    <ClCompile Include="A_Areas\dForest.cpp" />
    <ClCompile Include="A_Areas\Town.cpp" />
    <ClCompile Include="C_Classes\Abilities.cpp" />
    <ClCompile Include="C_Classes\Creatures.cpp" />
    <ClCompile Include="C_Classes\Items.cpp" />
    <ClCompile Include="C_Classes\Player.cpp" />
    <ClCompile Include="support\Log.cpp" />
    <ClCompile Include="Menu.cpp" />
    <ClCompile Include="main.cpp" />
  </ItemGroup>
  <ItemGroup>
    <ClInclude Include="A_Areas\dungeons.h" />
    <ClInclude Include="A_Areas\Town.h" />
    <ClInclude Include="C_Classes\Abilities.h" />
    <ClInclude Include="C_Classes\Creatures.h" />
    <ClInclude Include="C_Classes\Items.h" />
    <ClInclude Include="config.h" />
    <ClInclude Include="Menu.h" />
    <ClInclude Include="C_Classes\Player.h" />
    <ClInclude Include="support\Locals.h" />
    <ClInclude Include="support\Log.h" />
    <ClInclude Include="support\Console.h" />
    <ClInclude Include="support\Colors.h" />
    <ClInclude Include="support\Internals.h" />
  </ItemGroup>
  <ItemGroup>
    <Text Include="resources\ArtTown.txt" />
    <Text Include="resources\Creatures.txt" />
    <Text Include="resources\Items.txt" />
  </ItemGroup>
</Project>